<?xml version="1.0" encoding="utf-8"?>
<Project ToolsVersion="4.0" xmlns="http://schemas.microsoft.com/developer/msbuild/2003">
  <ItemGroup>
    <Filter Include="Source Files">
      <UniqueIdentifier>{4FC737F1-C7A5-4376-A066-2A32D752A2FF}</UniqueIdentifier>
      <Extensions>cpp;c;cc;cxx;def;odl;idl;hpj;bat;asm;asmx</Extensions>
    </Filter>
    <Filter Include="Header Files">
      <UniqueIdentifier>{93995380-89BD-4b04-88EB-625FBE52EBFB}</UniqueIdentifier>
      <Extensions>h;hh;hpp;hxx;hm;inl;inc;ipp;xsd</Extensions>
    </Filter>
    <Filter Include="Resource Files">
      <UniqueIdentifier>{67DA6AB6-F800-4c08-8B7A-83BB121AAD01}</UniqueIdentifier>
      <Extensions>rc;ico;cur;bmp;dlg;rc2;rct;bin;rgs;gif;jpg;jpeg;jpe;resx;tiff;tif;png;wav;mfcribbon-ms</Extensions>
    </Filter>
  </ItemGroup>
  <ItemGroup>
    <ClCompile Include="Engine\Core\Window.cpp">
      <Filter>Source Files</Filter>
    </ClCompile>
    <ClCompile Include="Engine\Core\EngineClass.cpp">
      <Filter>Source Files</Filter>
    </ClCompile>
    <ClCompile Include="Engine\Core\Timer.cpp">
      <Filter>Source Files</Filter>
    </ClCompile>
    <ClCompile Include="Engine\Core\Debug.cpp">
      <Filter>Source Files</Filter>
    </ClCompile>
    <ClCompile Include="Engine\Main.cpp">
      <Filter>Source Files</Filter>
    </ClCompile>
    <ClCompile Include="Game\Game1.cpp">
      <Filter>Source Files</Filter>
    </ClCompile>
    <ClCompile Include="Engine\Rendering\3D\Mesh.cpp">
      <Filter>Source Files</Filter>
    </ClCompile>
    <ClCompile Include="Engine\Graphics\ShaderHandler.cpp">
      <Filter>Source Files</Filter>
    </ClCompile>
    <ClCompile Include="Engine\Camera\Camera.cpp">
      <Filter>Source Files</Filter>
    </ClCompile>
    <ClCompile Include="Engine\Graphics\TextureHandler.cpp">
      <Filter>Source Files</Filter>
    </ClCompile>
    <ClCompile Include="Engine\FX\LightSource.cpp">
      <Filter>Source Files</Filter>
    </ClCompile>
    <ClCompile Include="Engine\Rendering\3D\GameObject.cpp">
      <Filter>Source Files</Filter>
    </ClCompile>
    <ClCompile Include="Engine\Rendering\3D\LoadOBJModel.cpp">
      <Filter>Source Files</Filter>
    </ClCompile>
    <ClCompile Include="Engine\Events\MouseEventListener.cpp">
      <Filter>Source Files</Filter>
    </ClCompile>
    <ClCompile Include="Engine\Events\EventListener.cpp">
      <Filter>Source Files</Filter>
    </ClCompile>
    <ClCompile Include="Engine\Rendering\SceneGraph.cpp">
      <Filter>Source Files</Filter>
    </ClCompile>
    <ClCompile Include="Engine\Graphics\MaterialsHandler.cpp">
      <Filter>Source Files</Filter>
    </ClCompile>
    <ClCompile Include="Engine\FX\MaterialLoader.cpp">
      <Filter>Source Files</Filter>
    </ClCompile>
    <ClCompile Include="Engine\Audio\AudioHandler.cpp">
      <Filter>Source Files</Filter>
    </ClCompile>
    <ClCompile Include="Engine\Audio\AudioLoader.cpp">
      <Filter>Source Files</Filter>
    </ClCompile>
    <ClCompile Include="Engine\Math\CollisionHandler.cpp">
      <Filter>Source Files</Filter>
    </ClCompile>
    <ClCompile Include="Engine\Math\CollisionDetection.CPP">
      <Filter>Source Files</Filter>
    </ClCompile>
    <ClCompile Include="Engine\Core\OctSpatialPartition.cpp">
      <Filter>Source Files</Filter>
    </ClCompile>
    <ClCompile Include="Engine\Graphics\Shader.cpp">
      <Filter>Source Files</Filter>
    </ClCompile>
    <ClCompile Include="Engine\Graphics\stb_image.cpp">
      <Filter>Source Files</Filter>
    </ClCompile>
    <ClCompile Include="Engine\FX\LightingManager.cpp">
      <Filter>Source Files</Filter>
    </ClCompile>
    <ClCompile Include="Engine\Rendering\3D\Model.cpp">
      <Filter>Source Files</Filter>
    </ClCompile>
    <ClCompile Include="Engine\Rendering\3D\SkyBox.cpp">
      <Filter>Source Files</Filter>
    </ClCompile>
    <ClCompile Include="Engine\Rendering\3D\Terrain.cpp">
      <Filter>Source Files</Filter>
    </ClCompile>
    <ClCompile Include="Engine\FX\BasicLight.cpp">
      <Filter>Source Files</Filter>
    </ClCompile>
    <ClCompile Include="Engine\Rendering\3D\Cube.cpp">
      <Filter>Source Files</Filter>
    </ClCompile>
    <ClCompile Include="Engine\Events\KeyboardEventListener.cpp">
      <Filter>Source Files</Filter>
    </ClCompile>
    <ClCompile Include="Engine\Math\BoundingBox.cpp">
      <Filter>Source Files</Filter>
    </ClCompile>
    <ClCompile Include="Engine\Rendering\3D\ModelComponent.cpp">
      <Filter>Source Files</Filter>
    </ClCompile>
    <ClCompile Include="Engine\Rendering\3D\ModelMesh.cpp">
      <Filter>Source Files</Filter>
    </ClCompile>
    <ClCompile Include="Engine\Rendering\Renderer.cpp">
      <Filter>Source Files</Filter>
    </ClCompile>
    <ClCompile Include="Engine\Core\Light.cpp">
      <Filter>Source Files</Filter>
    </ClCompile>
    <ClCompile Include="Engine\Core\LightComponent.cpp">
      <Filter>Source Files</Filter>
    </ClCompile>
    <ClCompile Include="Engine\Core\RenderComponent.cpp">
      <Filter>Source Files</Filter>
    </ClCompile>
    <ClCompile Include="Engine\Graphics\Bone.cpp">
      <Filter>Source Files</Filter>
    </ClCompile>
    <ClCompile Include="Engine\Core\SceneManager.cpp">
      <Filter>Source Files</Filter>
    </ClCompile>
    <ClCompile Include="Engine\Core\DefaultScene.cpp">
      <Filter>Source Files</Filter>
    </ClCompile>
    <ClCompile Include="Engine\Debuging\LogManager.cpp">
      <Filter>Source Files</Filter>
    </ClCompile>
    <ClCompile Include="Engine\Debuging\Replay.cpp">
      <Filter>Source Files</Filter>
    </ClCompile>
    <ClCompile Include="Engine\Debuging\Settings.cpp">
      <Filter>Source Files</Filter>
    </ClCompile>
    <ClCompile Include="Engine\Timers\Cooldown.cpp">
      <Filter>Source Files</Filter>
    </ClCompile>
    <ClCompile Include="Engine\Timers\MasterClock.cpp">
      <Filter>Source Files</Filter>
    </ClCompile>
    <ClCompile Include="Engine\Math\CollisionComponent.cpp">
      <Filter>Source Files</Filter>
    </ClCompile>
    <ClCompile Include="Engine\Math\PhysicsComponent.cpp">
      <Filter>Source Files</Filter>
    </ClCompile>
    <ClCompile Include="Engine\Math\PhysicsEngine.cpp">
      <Filter>Source Files</Filter>
    </ClCompile>
    <ClCompile Include="Engine\Math\Randomizer.cpp">
      <Filter>Source Files</Filter>
    </ClCompile>
  </ItemGroup>
  <ItemGroup>
    <ClInclude Include="Engine\Core\Window.h">
      <Filter>Header Files</Filter>
    </ClInclude>
    <ClInclude Include="Engine\Core\EngineClass.h">
      <Filter>Header Files</Filter>
    </ClInclude>
    <ClInclude Include="Engine\Core\Timer.h">
      <Filter>Header Files</Filter>
    </ClInclude>
    <ClInclude Include="Engine\Core\Debug.h">
      <Filter>Header Files</Filter>
    </ClInclude>
    <ClInclude Include="Engine\Core\GameInterface.h">
      <Filter>Header Files</Filter>
    </ClInclude>
    <ClInclude Include="Game\Game1.h">
      <Filter>Header Files</Filter>
    </ClInclude>
    <ClInclude Include="Engine\Rendering\3D\Mesh.h">
      <Filter>Header Files</Filter>
    </ClInclude>
    <ClInclude Include="Engine\Rendering\3D\Model.h">
      <Filter>Header Files</Filter>
    </ClInclude>
    <ClInclude Include="Engine\Graphics\ShaderHandler.h">
      <Filter>Header Files</Filter>
    </ClInclude>
    <ClInclude Include="Engine\Camera\Camera.h">
      <Filter>Header Files</Filter>
    </ClInclude>
    <ClInclude Include="Engine\Graphics\TextureHandler.h">
      <Filter>Header Files</Filter>
    </ClInclude>
    <ClInclude Include="Engine\FX\LightSource.h">
      <Filter>Header Files</Filter>
    </ClInclude>
    <ClInclude Include="Engine\Rendering\3D\GameObject.h">
      <Filter>Header Files</Filter>
    </ClInclude>
    <ClInclude Include="Engine\Rendering\3D\LoadOBJModel.h">
      <Filter>Header Files</Filter>
    </ClInclude>
    <ClInclude Include="Engine\Events\MouseEventListener.h">
      <Filter>Header Files</Filter>
    </ClInclude>
    <ClInclude Include="Engine\Events\EventListener.h">
      <Filter>Header Files</Filter>
    </ClInclude>
    <ClInclude Include="Engine\Math\BoundingBox.h">
      <Filter>Header Files</Filter>
    </ClInclude>
    <ClInclude Include="Engine\Rendering\SceneGraph.h">
      <Filter>Header Files</Filter>
    </ClInclude>
    <ClInclude Include="Engine\Graphics\MaterialsHandler.h">
      <Filter>Header Files</Filter>
    </ClInclude>
    <ClInclude Include="Engine\FX\MaterialLoader.h">
      <Filter>Header Files</Filter>
    </ClInclude>
    <ClInclude Include="Engine\Audio\AudioHandler.h">
      <Filter>Header Files</Filter>
    </ClInclude>
    <ClInclude Include="Engine\Audio\AudioLoader.h">
      <Filter>Header Files</Filter>
    </ClInclude>
    <ClInclude Include="Engine\Math\Ray.h">
      <Filter>Header Files</Filter>
    </ClInclude>
    <ClInclude Include="Engine\Math\CollisionHandler.h">
      <Filter>Header Files</Filter>
    </ClInclude>
    <ClInclude Include="Engine\Math\CollisionDetection.h">
      <Filter>Header Files</Filter>
    </ClInclude>
    <ClInclude Include="Engine\Core\OctSpatialPartition.h">
      <Filter>Header Files</Filter>
    </ClInclude>
    <ClInclude Include="Engine\Graphics\Shader.h">
      <Filter>Header Files</Filter>
    </ClInclude>
    <ClInclude Include="Engine\Graphics\stb_image.h">
      <Filter>Header Files</Filter>
    </ClInclude>
    <ClInclude Include="Engine\FX\LightingManager.h">
      <Filter>Header Files</Filter>
    </ClInclude>
    <ClInclude Include="Engine\Rendering\3D\SkyBox.h">
      <Filter>Header Files</Filter>
    </ClInclude>
    <ClInclude Include="Engine\Rendering\3D\Terrain.h">
      <Filter>Header Files</Filter>
    </ClInclude>
    <ClInclude Include="Engine\FX\BasicLight.h">
      <Filter>Header Files</Filter>
    </ClInclude>
    <ClInclude Include="Engine\Rendering\3D\Cube.h">
      <Filter>Header Files</Filter>
    </ClInclude>
    <ClInclude Include="Engine\Events\KeyboardEventListener.h">
      <Filter>Header Files</Filter>
    </ClInclude>
    <ClInclude Include="Engine\Rendering\3D\ModelComponent.h">
      <Filter>Header Files</Filter>
    </ClInclude>
    <ClInclude Include="Engine\Rendering\3D\ModelMesh.h">
      <Filter>Header Files</Filter>
    </ClInclude>
    <ClInclude Include="Engine\Core\Component.h">
      <Filter>Header Files</Filter>
    </ClInclude>
    <ClInclude Include="Engine\Core\Light.h">
      <Filter>Header Files</Filter>
    </ClInclude>
    <ClInclude Include="Engine\Core\LightComponent.h">
      <Filter>Header Files</Filter>
    </ClInclude>
    <ClInclude Include="Engine\Core\RenderComponent.h">
      <Filter>Header Files</Filter>
    </ClInclude>
    <ClInclude Include="Engine\Graphics\Animation.h">
      <Filter>Header Files</Filter>
    </ClInclude>
    <ClInclude Include="Engine\Graphics\Bone.h">
      <Filter>Header Files</Filter>
    </ClInclude>
    <ClInclude Include="Engine\Core\Scene.h">
      <Filter>Header Files</Filter>
    </ClInclude>
    <ClInclude Include="Engine\Core\SceneManager.h">
      <Filter>Header Files</Filter>
    </ClInclude>
    <ClInclude Include="Engine\Core\DefaultScene.h">
      <Filter>Header Files</Filter>
    </ClInclude>
    <ClInclude Include="Engine\Debuging\LogManager.h">
      <Filter>Header Files</Filter>
    </ClInclude>
    <ClInclude Include="Engine\Debuging\Replay.h">
      <Filter>Header Files</Filter>
    </ClInclude>
    <ClInclude Include="Engine\Debuging\Settings.h">
      <Filter>Header Files</Filter>
    </ClInclude>
    <ClInclude Include="Engine\Timers\Cooldown.h">
      <Filter>Header Files</Filter>
    </ClInclude>
    <ClInclude Include="Engine\Timers\MasterClock.h">
      <Filter>Header Files</Filter>
    </ClInclude>
    <ClInclude Include="Engine\Rendering\Renderer.h">
      <Filter>Header Files</Filter>
    </ClInclude>
    <ClInclude Include="Engine\Math\CollisionComponent.h">
      <Filter>Header Files</Filter>
    </ClInclude>
    <ClInclude Include="Engine\Math\ContactData.h">
      <Filter>Header Files</Filter>
    </ClInclude>
    <ClInclude Include="Engine\Math\PhysicsComponent.h">
      <Filter>Header Files</Filter>
    </ClInclude>
    <ClInclude Include="Engine\Math\PhysicsEngine.h">
      <Filter>Header Files</Filter>
    </ClInclude>
    <ClInclude Include="Engine\Math\Randomizer.h">
      <Filter>Header Files</Filter>
    </ClInclude>
    <ClInclude Include="Engine\Math\Volumes.h">
      <Filter>Header Files</Filter>
    </ClInclude>
  </ItemGroup>
  <ItemGroup>
    <None Include="Engine\Shaders\ColourVertexShader.glsl" />
    <None Include="Engine\Shaders\ColourFragmentShader.glsl" />
    <None Include="Engine\Shaders\VertexShader.glsl" />
    <None Include="Engine\Shaders\FragmentShader.glsl" />
    <None Include="Engine\Shaders\modelFrag.glsl" />
    <None Include="Engine\Shaders\modelVert.glsl" />
    <None Include="Engine\Shaders\skybox.fs" />
    <None Include="Engine\Shaders\skybox.vs" />
    <None Include="Engine\Shaders\bloom.fs" />
    <None Include="Engine\Shaders\bloom.vs" />
    <None Include="Engine\Shaders\blur.fs" />
    <None Include="Engine\Shaders\blur.vs" />
    <None Include="Engine\Shaders\default.fs" />
    <None Include="Engine\Shaders\default.vs" />
    <None Include="Engine\Shaders\FragmentShader.fs" />
    <None Include="Engine\Shaders\image.fs" />
    <None Include="Engine\Shaders\image.vs" />
    <None Include="Engine\Shaders\lamp.fs" />
    <None Include="Engine\Shaders\lamp.vs" />
    <None Include="Engine\Shaders\model.fs" />
    <None Include="Engine\Shaders\model.vs" />
    <None Include="Engine\Shaders\particle.fs" />
    <None Include="Engine\Shaders\particle.vs" />
    <None Include="Engine\Shaders\projectile.fs" />
    <None Include="Engine\Shaders\projectile.vs" />
    <None Include="Engine\Shaders\screen.fs" />
    <None Include="Engine\Shaders\screen.vs" />
    <None Include="Engine\Shaders\shadowdepth.fs" />
    <None Include="Engine\Shaders\shadowdepth.vs" />
    <None Include="Engine\Shaders\shadowmapping.fs" />
    <None Include="Engine\Shaders\shadowmapping.vs" />
    <None Include="Engine\Shaders\shadowquad.fs" />
    <None Include="Engine\Shaders\shadowquad.vs" />
    <None Include="Engine\Shaders\textshader.fs" />
    <None Include="Engine\Shaders\textshader.vs" />
    <None Include="Engine\Shaders\toon.fs" />
    <None Include="Engine\Shaders\toon.vs" />
    <None Include="Engine\Shaders\VertexShader.vs" />
    <None Include="Resources\Models\boblampclean.md5anim" />
    <None Include="Resources\Models\boblampclean.md5mesh" />
    <None Include="Resources\Models\Walking.fbx" />
  </ItemGroup>
  <ItemGroup>
    <Media Include="Resources\Audio\UpbeatFunk.wav">
      <Filter>Resource Files</Filter>
    </Media>
  </ItemGroup>
  <ItemGroup>
    <Image Include="Resources\Skybox\Skyboxes\back.jpg">
      <Filter>Resource Files</Filter>
    </Image>
    <Image Include="Resources\Skybox\Skyboxes\bottom.jpg">
      <Filter>Resource Files</Filter>
    </Image>
    <Image Include="Resources\Skybox\Skyboxes\front.jpg">
      <Filter>Resource Files</Filter>
    </Image>
    <Image Include="Resources\Skybox\Skyboxes\left.jpg">
      <Filter>Resource Files</Filter>
    </Image>
    <Image Include="Resources\Skybox\Skyboxes\right.jpg">
      <Filter>Resource Files</Filter>
    </Image>
    <Image Include="Resources\Skybox\Skyboxes\top.jpg">
      <Filter>Resource Files</Filter>
    </Image>
    <Image Include="Resources\Models\guard1_body.tga" />
    <Image Include="Resources\Models\guard1_face.tga" />
    <Image Include="Resources\Models\guard1_helmet.tga" />
    <Image Include="Resources\Models\iron_grill.tga" />
    <Image Include="Resources\Models\round_grill.tga" />
  </ItemGroup>
</Project>